// !$*UTF8*$!
{
	archiveVersion = 1;
	classes = {
	};
	objectVersion = 46;
	objects = {

/* Begin PBXBuildFile section */
		3B7FC0E51E63EBF9009EA085 /* AppDelegate.swift in Sources */ = {isa = PBXBuildFile; fileRef = 3B7FC0E41E63EBF9009EA085 /* AppDelegate.swift */; };
		3B7FC0E71E63EBF9009EA085 /* RecordSoundsViewController.swift in Sources */ = {isa = PBXBuildFile; fileRef = 3B7FC0E61E63EBF9009EA085 /* RecordSoundsViewController.swift */; };
		3B7FC0EA1E63EBF9009EA085 /* Main.storyboard in Resources */ = {isa = PBXBuildFile; fileRef = 3B7FC0E81E63EBF9009EA085 /* Main.storyboard */; };
		3B7FC0EC1E63EBF9009EA085 /* Assets.xcassets in Resources */ = {isa = PBXBuildFile; fileRef = 3B7FC0EB1E63EBF9009EA085 /* Assets.xcassets */; };
		3B7FC0EF1E63EBF9009EA085 /* LaunchScreen.storyboard in Resources */ = {isa = PBXBuildFile; fileRef = 3B7FC0ED1E63EBF9009EA085 /* LaunchScreen.storyboard */; };
		3B7FC0FC1E6520A9009EA085 /* PlaySoundsViewController.swift in Sources */ = {isa = PBXBuildFile; fileRef = 3B7FC0FB1E6520A8009EA085 /* PlaySoundsViewController.swift */; };
		3B7FC0FE1E65E166009EA085 /* Alert.swift in Sources */ = {isa = PBXBuildFile; fileRef = 3B7FC0FD1E65E166009EA085 /* Alert.swift */; };
		3B7FC1041E6632A0009EA085 /* UINamedButton.swift in Sources */ = {isa = PBXBuildFile; fileRef = 3B7FC1031E6632A0009EA085 /* UINamedButton.swift */; };
/* End PBXBuildFile section */

/* Begin PBXFileReference section */
		3B7FC0E11E63EBF9009EA085 /* PitchPerfect.app */ = {isa = PBXFileReference; explicitFileType = wrapper.application; includeInIndex = 0; path = PitchPerfect.app; sourceTree = BUILT_PRODUCTS_DIR; };
		3B7FC0E41E63EBF9009EA085 /* AppDelegate.swift */ = {isa = PBXFileReference; lastKnownFileType = sourcecode.swift; path = AppDelegate.swift; sourceTree = "<group>"; };
		3B7FC0E61E63EBF9009EA085 /* RecordSoundsViewController.swift */ = {isa = PBXFileReference; lastKnownFileType = sourcecode.swift; path = RecordSoundsViewController.swift; sourceTree = "<group>"; };
		3B7FC0E91E63EBF9009EA085 /* Base */ = {isa = PBXFileReference; lastKnownFileType = file.storyboard; name = Base; path = Base.lproj/Main.storyboard; sourceTree = "<group>"; };
		3B7FC0EB1E63EBF9009EA085 /* Assets.xcassets */ = {isa = PBXFileReference; lastKnownFileType = folder.assetcatalog; path = Assets.xcassets; sourceTree = "<group>"; };
		3B7FC0EE1E63EBF9009EA085 /* Base */ = {isa = PBXFileReference; lastKnownFileType = file.storyboard; name = Base; path = Base.lproj/LaunchScreen.storyboard; sourceTree = "<group>"; };
		3B7FC0F01E63EBF9009EA085 /* Info.plist */ = {isa = PBXFileReference; lastKnownFileType = text.plist.xml; path = Info.plist; sourceTree = "<group>"; };
		3B7FC0FB1E6520A8009EA085 /* PlaySoundsViewController.swift */ = {isa = PBXFileReference; fileEncoding = 4; lastKnownFileType = sourcecode.swift; path = PlaySoundsViewController.swift; sourceTree = "<group>"; };
		3B7FC0FD1E65E166009EA085 /* Alert.swift */ = {isa = PBXFileReference; fileEncoding = 4; lastKnownFileType = sourcecode.swift; path = Alert.swift; sourceTree = "<group>"; };
		3B7FC1031E6632A0009EA085 /* UINamedButton.swift */ = {isa = PBXFileReference; fileEncoding = 4; lastKnownFileType = sourcecode.swift; path = UINamedButton.swift; sourceTree = "<group>"; };
/* End PBXFileReference section */

/* Begin PBXFrameworksBuildPhase section */
		3B7FC0DE1E63EBF9009EA085 /* Frameworks */ = {
			isa = PBXFrameworksBuildPhase;
			buildActionMask = 2147483647;
			files = (
			);
			runOnlyForDeploymentPostprocessing = 0;
		};
/* End PBXFrameworksBuildPhase section */

/* Begin PBXGroup section */
		3B7FC0D81E63EBF9009EA085 = {
			isa = PBXGroup;
			children = (
				3B7FC0E31E63EBF9009EA085 /* PitchPerfect */,
				3B7FC0E21E63EBF9009EA085 /* Products */,
			);
			sourceTree = "<group>";
		};
		3B7FC0E21E63EBF9009EA085 /* Products */ = {
			isa = PBXGroup;
			children = (
				3B7FC0E11E63EBF9009EA085 /* PitchPerfect.app */,
			);
			name = Products;
			sourceTree = "<group>";
		};
		3B7FC0E31E63EBF9009EA085 /* PitchPerfect */ = {
			isa = PBXGroup;
			children = (
				3B7FC0E41E63EBF9009EA085 /* AppDelegate.swift */,
				3B7FC0E61E63EBF9009EA085 /* RecordSoundsViewController.swift */,
				3B7FC0FB1E6520A8009EA085 /* PlaySoundsViewController.swift */,
				3B7FC0E81E63EBF9009EA085 /* Main.storyboard */,
				3B7FC0EB1E63EBF9009EA085 /* Assets.xcassets */,
				3B7FC0ED1E63EBF9009EA085 /* LaunchScreen.storyboard */,
				3B7FC0F01E63EBF9009EA085 /* Info.plist */,
				3B7FC0FD1E65E166009EA085 /* Alert.swift */,
				3B7FC1031E6632A0009EA085 /* UINamedButton.swift */,
			);
			path = PitchPerfect;
			sourceTree = "<group>";
		};
/* End PBXGroup section */

/* Begin PBXNativeTarget section */
		3B7FC0E01E63EBF9009EA085 /* PitchPerfect */ = {
			isa = PBXNativeTarget;
			buildConfigurationList = 3B7FC0F31E63EBF9009EA085 /* Build configuration list for PBXNativeTarget "PitchPerfect" */;
			buildPhases = (
				3B7FC0DD1E63EBF9009EA085 /* Sources */,
				3B7FC0DE1E63EBF9009EA085 /* Frameworks */,
				3B7FC0DF1E63EBF9009EA085 /* Resources */,
				3BE43DEC1E788A3600EC3069 /* ShellScript */,
			);
			buildRules = (
			);
			dependencies = (
			);
			name = PitchPerfect;
			productName = PitchPerfect;
			productReference = 3B7FC0E11E63EBF9009EA085 /* PitchPerfect.app */;
			productType = "com.apple.product-type.application";
		};
/* End PBXNativeTarget section */

/* Begin PBXProject section */
		3B7FC0D91E63EBF9009EA085 /* Project object */ = {
			isa = PBXProject;
			attributes = {
				LastSwiftUpdateCheck = 0830;
				LastUpgradeCheck = 0830;
				ORGANIZATIONNAME = "Wagner Souza";
				TargetAttributes = {
					3B7FC0E01E63EBF9009EA085 = {
						CreatedOnToolsVersion = 8.3;
						ProvisioningStyle = Manual;
					};
				};
			};
			buildConfigurationList = 3B7FC0DC1E63EBF9009EA085 /* Build configuration list for PBXProject "PitchPerfect" */;
			compatibilityVersion = "Xcode 3.2";
			developmentRegion = English;
			hasScannedForEncodings = 0;
			knownRegions = (
				en,
				Base,
			);
			mainGroup = 3B7FC0D81E63EBF9009EA085;
			productRefGroup = 3B7FC0E21E63EBF9009EA085 /* Products */;
			projectDirPath = "";
			projectRoot = "";
			targets = (
				3B7FC0E01E63EBF9009EA085 /* PitchPerfect */,
			);
		};
/* End PBXProject section */

/* Begin PBXResourcesBuildPhase section */
		3B7FC0DF1E63EBF9009EA085 /* Resources */ = {
			isa = PBXResourcesBuildPhase;
			buildActionMask = 2147483647;
			files = (
				3B7FC0EF1E63EBF9009EA085 /* LaunchScreen.storyboard in Resources */,
				3B7FC0EC1E63EBF9009EA085 /* Assets.xcassets in Resources */,
				3B7FC0EA1E63EBF9009EA085 /* Main.storyboard in Resources */,
			);
			runOnlyForDeploymentPostprocessing = 0;
		};
/* End PBXResourcesBuildPhase section */

/* Begin PBXShellScriptBuildPhase section */
		3BE43DEC1E788A3600EC3069 /* ShellScript */ = {
			isa = PBXShellScriptBuildPhase;
			buildActionMask = 2147483647;
			files = (
			);
			inputPaths = (
			);
			outputPaths = (
			);
			runOnlyForDeploymentPostprocessing = 0;
			shellPath = /bin/sh;
			shellScript = "if which swiftlint > /dev/null; then\nswiftlint\nelse\n    echo \"Swiftlint not available\"\nfi";
		};
/* End PBXShellScriptBuildPhase section */

/* Begin PBXSourcesBuildPhase section */
		3B7FC0DD1E63EBF9009EA085 /* Sources */ = {
			isa = PBXSourcesBuildPhase;
			buildActionMask = 2147483647;
			files = (
				3B7FC0E71E63EBF9009EA085 /* RecordSoundsViewController.swift in Sources */,
				3B7FC0FC1E6520A9009EA085 /* PlaySoundsViewController.swift in Sources */,
				3B7FC0FE1E65E166009EA085 /* Alert.swift in Sources */,
				3B7FC1041E6632A0009EA085 /* UINamedButton.swift in Sources */,
				3B7FC0E51E63EBF9009EA085 /* AppDelegate.swift in Sources */,
			);
			runOnlyForDeploymentPostprocessing = 0;
		};
/* End PBXSourcesBuildPhase section */

/* Begin PBXVariantGroup section */
		3B7FC0E81E63EBF9009EA085 /* Main.storyboard */ = {
			isa = PBXVariantGroup;
			children = (
				3B7FC0E91E63EBF9009EA085 /* Base */,
			);
			name = Main.storyboard;
			sourceTree = "<group>";
		};
		3B7FC0ED1E63EBF9009EA085 /* LaunchScreen.storyboard */ = {
			isa = PBXVariantGroup;
			children = (
				3B7FC0EE1E63EBF9009EA085 /* Base */,
			);
			name = LaunchScreen.storyboard;
			sourceTree = "<group>";
		};
/* End PBXVariantGroup section */

/* Begin XCBuildConfiguration section */
		3B7FC0F11E63EBF9009EA085 /* Debug */ = {
			isa = XCBuildConfiguration;
			buildSettings = {
				ALWAYS_SEARCH_USER_PATHS = NO;
				CLANG_ANALYZER_NONNULL = YES;
				CLANG_ANALYZER_NUMBER_OBJECT_CONVERSION = YES_AGGRESSIVE;
				CLANG_CXX_LANGUAGE_STANDARD = "gnu++0x";
				CLANG_CXX_LIBRARY = "libc++";
				CLANG_ENABLE_MODULES = YES;
				CLANG_ENABLE_OBJC_ARC = YES;
				CLANG_WARN_BOOL_CONVERSION = YES;
				CLANG_WARN_CONSTANT_CONVERSION = YES;
				CLANG_WARN_DIRECT_OBJC_ISA_USAGE = YES_ERROR;
				CLANG_WARN_DOCUMENTATION_COMMENTS = YES;
				CLANG_WARN_EMPTY_BODY = YES;
				CLANG_WARN_ENUM_CONVERSION = YES;
				CLANG_WARN_INFINITE_RECURSION = YES;
				CLANG_WARN_INT_CONVERSION = YES;
				CLANG_WARN_OBJC_ROOT_CLASS = YES_ERROR;
				CLANG_WARN_SUSPICIOUS_MOVE = YES;
				CLANG_WARN_UNREACHABLE_CODE = YES;
				CLANG_WARN__DUPLICATE_METHOD_MATCH = YES;
				"CODE_SIGN_IDENTITY[sdk=iphoneos*]" = "iPhone Developer";
				COPY_PHASE_STRIP = NO;
				DEBUG_INFORMATION_FORMAT = dwarf;
				ENABLE_STRICT_OBJC_MSGSEND = YES;
				ENABLE_TESTABILITY = YES;
				GCC_C_LANGUAGE_STANDARD = gnu99;
				GCC_DYNAMIC_NO_PIC = NO;
				GCC_NO_COMMON_BLOCKS = YES;
				GCC_OPTIMIZATION_LEVEL = 0;
				GCC_PREPROCESSOR_DEFINITIONS = (
					"DEBUG=1",
					"$(inherited)",
				);
				GCC_WARN_64_TO_32_BIT_CONVERSION = YES;
				GCC_WARN_ABOUT_RETURN_TYPE = YES_ERROR;
				GCC_WARN_UNDECLARED_SELECTOR = YES;
				GCC_WARN_UNINITIALIZED_AUTOS = YES_AGGRESSIVE;
				GCC_WARN_UNUSED_FUNCTION = YES;
				GCC_WARN_UNUSED_VARIABLE = YES;
				IPHONEOS_DEPLOYMENT_TARGET = 10.2;
				MTL_ENABLE_DEBUG_INFO = YES;
				ONLY_ACTIVE_ARCH = YES;
				SDKROOT = iphoneos;
				SWIFT_ACTIVE_COMPILATION_CONDITIONS = DEBUG;
				SWIFT_OPTIMIZATION_LEVEL = "-Onone";
				TARGETED_DEVICE_FAMILY = "1,2";
			};
			name = Debug;
		};
		3B7FC0F21E63EBF9009EA085 /* Release */ = {
			isa = XCBuildConfiguration;
			buildSettings = {
				ALWAYS_SEARCH_USER_PATHS = NO;
				CLANG_ANALYZER_NONNULL = YES;
				CLANG_ANALYZER_NUMBER_OBJECT_CONVERSION = YES_AGGRESSIVE;
				CLANG_CXX_LANGUAGE_STANDARD = "gnu++0x";
				CLANG_CXX_LIBRARY = "libc++";
				CLANG_ENABLE_MODULES = YES;
				CLANG_ENABLE_OBJC_ARC = YES;
				CLANG_WARN_BOOL_CONVERSION = YES;
				CLANG_WARN_CONSTANT_CONVERSION = YES;
				CLANG_WARN_DIRECT_OBJC_ISA_USAGE = YES_ERROR;
				CLANG_WARN_DOCUMENTATION_COMMENTS = YES;
				CLANG_WARN_EMPTY_BODY = YES;
				CLANG_WARN_ENUM_CONVERSION = YES;
				CLANG_WARN_INFINITE_RECURSION = YES;
				CLANG_WARN_INT_CONVERSION = YES;
				CLANG_WARN_OBJC_ROOT_CLASS = YES_ERROR;
				CLANG_WARN_SUSPICIOUS_MOVE = YES;
				CLANG_WARN_UNREACHABLE_CODE = YES;
				CLANG_WARN__DUPLICATE_METHOD_MATCH = YES;
				"CODE_SIGN_IDENTITY[sdk=iphoneos*]" = "iPhone Developer";
				COPY_PHASE_STRIP = NO;
				DEBUG_INFORMATION_FORMAT = "dwarf-with-dsym";
				ENABLE_NS_ASSERTIONS = NO;
				ENABLE_STRICT_OBJC_MSGSEND = YES;
				GCC_C_LANGUAGE_STANDARD = gnu99;
				GCC_NO_COMMON_BLOCKS = YES;
				GCC_WARN_64_TO_32_BIT_CONVERSION = YES;
				GCC_WARN_ABOUT_RETURN_TYPE = YES_ERROR;
				GCC_WARN_UNDECLARED_SELECTOR = YES;
				GCC_WARN_UNINITIALIZED_AUTOS = YES_AGGRESSIVE;
				GCC_WARN_UNUSED_FUNCTION = YES;
				GCC_WARN_UNUSED_VARIABLE = YES;
				IPHONEOS_DEPLOYMENT_TARGET = 10.2;
				MTL_ENABLE_DEBUG_INFO = NO;
				SDKROOT = iphoneos;
				SWIFT_OPTIMIZATION_LEVEL = "-Owholemodule";
				TARGETED_DEVICE_FAMILY = "1,2";
				VALIDATE_PRODUCT = YES;
			};
			name = Release;
		};
		3B7FC0F41E63EBF9009EA085 /* Debug */ = {
			isa = XCBuildConfiguration;
			buildSettings = {
				ASSETCATALOG_COMPILER_APPICON_NAME = AppIcon;
				DEVELOPMENT_TEAM = "";
				INFOPLIST_FILE = PitchPerfect/Info.plist;
				IPHONEOS_DEPLOYMENT_TARGET = 10.2;
				LD_RUNPATH_SEARCH_PATHS = "$(inherited) @executable_path/Frameworks";
				PRODUCT_BUNDLE_IDENTIFIER = com.example.PitchPerfect;
				PRODUCT_NAME = "$(TARGET_NAME)";
				PROVISIONING_PROFILE_SPECIFIER = "";
				SWIFT_VERSION = 3.0;
			};
			name = Debug;
		};
		3B7FC0F51E63EBF9009EA085 /* Release */ = {
			isa = XCBuildConfiguration;
			buildSettings = {
				ASSETCATALOG_COMPILER_APPICON_NAME = AppIcon;
				DEVELOPMENT_TEAM = "";
				INFOPLIST_FILE = PitchPerfect/Info.plist;
				IPHONEOS_DEPLOYMENT_TARGET = 10.2;
				LD_RUNPATH_SEARCH_PATHS = "$(inherited) @executable_path/Frameworks";
				PRODUCT_BUNDLE_IDENTIFIER = com.example.PitchPerfect;
				PRODUCT_NAME = "$(TARGET_NAME)";
				PROVISIONING_PROFILE_SPECIFIER = "";
				SWIFT_VERSION = 3.0;
			};
			name = Release;
		};
/* End XCBuildConfiguration section */

/* Begin XCConfigurationList section */
		3B7FC0DC1E63EBF9009EA085 /* Build configuration list for PBXProject "PitchPerfect" */ = {
			isa = XCConfigurationList;
			buildConfigurations = (
				3B7FC0F11E63EBF9009EA085 /* Debug */,
				3B7FC0F21E63EBF9009EA085 /* Release */,
			);
			defaultConfigurationIsVisible = 0;
			defaultConfigurationName = Release;
		};
		3B7FC0F31E63EBF9009EA085 /* Build configuration list for PBXNativeTarget "PitchPerfect" */ = {
			isa = XCConfigurationList;
			buildConfigurations = (
				3B7FC0F41E63EBF9009EA085 /* Debug */,
				3B7FC0F51E63EBF9009EA085 /* Release */,
			);
			defaultConfigurationIsVisible = 0;
			defaultConfigurationName = Release;
		};
/* End XCConfigurationList section */
	};
	rootObject = 3B7FC0D91E63EBF9009EA085 /* Project object */;
}
